
Microsoft Visual Studio Solution File, Format Version 12.00
# Visual Studio Version 17
VisualStudioVersion = 17.4.33110.190
MinimumVisualStudioVersion = 10.0.40219.1
Project("{FAE04EC0-301F-11D3-BF4B-00C04F79EFBC}") = "Spotify", "Spotify.csproj", "{49DFD489-0C86-4EE7-A04F-00FECD09C29E}"
EndProject
Global
	GlobalSection(SolutionConfigurationPlatforms) = preSolution
		Debug|Any CPU = Debug|Any CPU
		Release|Any CPU = Release|Any CPU
	EndGlobalSection
	GlobalSection(ProjectConfigurationPlatforms) = postSolution
		{49DFD489-0C86-4EE7-A04F-00FECD09C29E}.Debug|Any CPU.ActiveCfg = Debug|Any CPU
		{49DFD489-0C86-4EE7-A04F-00FECD09C29E}.Debug|Any CPU.Build.0 = Debug|Any CPU
		{49DFD489-0C86-4EE7-A04F-00FECD09C29E}.Release|Any CPU.ActiveCfg = Release|Any CPU
		{49DFD489-0C86-4EE7-A04F-00FECD09C29E}.Release|Any CPU.Build.0 = Release|Any CPU
	EndGlobalSection
	GlobalSection(SolutionProperties) = preSolution
		HideSolutionNode = FALSE
	EndGlobalSection
	GlobalSection(ExtensibilityGlobals) = postSolution
		SolutionGuid = {3A1D67E4-62B7-4562-B6BF-7038EF6980D8}
	EndGlobalSection
EndGlobal
